// !$*UTF8*$!
{
	archiveVersion = 1;
	classes = {
	};
	objectVersion = 50;
	objects = {

/* Begin PBXBuildFile section */
		F2B5D102253BE74800A46DFD /* lazyVGrid_tutorialApp.swift in Sources */ = {isa = PBXBuildFile; fileRef = F2B5D101253BE74800A46DFD /* lazyVGrid_tutorialApp.swift */; };
		F2B5D104253BE74800A46DFD /* ContentView.swift in Sources */ = {isa = PBXBuildFile; fileRef = F2B5D103253BE74800A46DFD /* ContentView.swift */; };
		F2B5D106253BE74B00A46DFD /* Assets.xcassets in Resources */ = {isa = PBXBuildFile; fileRef = F2B5D105253BE74B00A46DFD /* Assets.xcassets */; };
		F2B5D109253BE74B00A46DFD /* Preview Assets.xcassets in Resources */ = {isa = PBXBuildFile; fileRef = F2B5D108253BE74B00A46DFD /* Preview Assets.xcassets */; };
		F2B5D112253BECEC00A46DFD /* SegmentLayoutView.swift in Sources */ = {isa = PBXBuildFile; fileRef = F2B5D111253BECEC00A46DFD /* SegmentLayoutView.swift */; };
		F2B5D116253BF21C00A46DFD /* Card.swift in Sources */ = {isa = PBXBuildFile; fileRef = F2B5D115253BF21C00A46DFD /* Card.swift */; };
/* End PBXBuildFile section */

/* Begin PBXFileReference section */
		F2B5D0FE253BE74800A46DFD /* lazyVGrid_tutorial.app */ = {isa = PBXFileReference; explicitFileType = wrapper.application; includeInIndex = 0; path = lazyVGrid_tutorial.app; sourceTree = BUILT_PRODUCTS_DIR; };
		F2B5D101253BE74800A46DFD /* lazyVGrid_tutorialApp.swift */ = {isa = PBXFileReference; lastKnownFileType = sourcecode.swift; path = lazyVGrid_tutorialApp.swift; sourceTree = "<group>"; };
		F2B5D103253BE74800A46DFD /* ContentView.swift */ = {isa = PBXFileReference; lastKnownFileType = sourcecode.swift; path = ContentView.swift; sourceTree = "<group>"; };
		F2B5D105253BE74B00A46DFD /* Assets.xcassets */ = {isa = PBXFileReference; lastKnownFileType = folder.assetcatalog; path = Assets.xcassets; sourceTree = "<group>"; };
		F2B5D108253BE74B00A46DFD /* Preview Assets.xcassets */ = {isa = PBXFileReference; lastKnownFileType = folder.assetcatalog; path = "Preview Assets.xcassets"; sourceTree = "<group>"; };
		F2B5D10A253BE74B00A46DFD /* Info.plist */ = {isa = PBXFileReference; lastKnownFileType = text.plist.xml; path = Info.plist; sourceTree = "<group>"; };
		F2B5D111253BECEC00A46DFD /* SegmentLayoutView.swift */ = {isa = PBXFileReference; lastKnownFileType = sourcecode.swift; path = SegmentLayoutView.swift; sourceTree = "<group>"; };
		F2B5D115253BF21C00A46DFD /* Card.swift */ = {isa = PBXFileReference; lastKnownFileType = sourcecode.swift; path = Card.swift; sourceTree = "<group>"; };
/* End PBXFileReference section */

/* Begin PBXFrameworksBuildPhase section */
		F2B5D0FB253BE74800A46DFD /* Frameworks */ = {
			isa = PBXFrameworksBuildPhase;
			buildActionMask = 2147483647;
			files = (
			);
			runOnlyForDeploymentPostprocessing = 0;
		};
/* End PBXFrameworksBuildPhase section */

/* Begin PBXGroup section */
		F2B5D0F5253BE74800A46DFD = {
			isa = PBXGroup;
			children = (
				F2B5D100253BE74800A46DFD /* lazyVGrid_tutorial */,
				F2B5D0FF253BE74800A46DFD /* Products */,
			);
			sourceTree = "<group>";
		};
		F2B5D0FF253BE74800A46DFD /* Products */ = {
			isa = PBXGroup;
			children = (
				F2B5D0FE253BE74800A46DFD /* lazyVGrid_tutorial.app */,
			);
			name = Products;
			sourceTree = "<group>";
		};
		F2B5D100253BE74800A46DFD /* lazyVGrid_tutorial */ = {
			isa = PBXGroup;
			children = (
				F2B5D101253BE74800A46DFD /* lazyVGrid_tutorialApp.swift */,
				F2B5D103253BE74800A46DFD /* ContentView.swift */,
				F2B5D111253BECEC00A46DFD /* SegmentLayoutView.swift */,
				F2B5D115253BF21C00A46DFD /* Card.swift */,
				F2B5D105253BE74B00A46DFD /* Assets.xcassets */,
				F2B5D10A253BE74B00A46DFD /* Info.plist */,
				F2B5D107253BE74B00A46DFD /* Preview Content */,
			);
			path = lazyVGrid_tutorial;
			sourceTree = "<group>";
		};
		F2B5D107253BE74B00A46DFD /* Preview Content */ = {
			isa = PBXGroup;
			children = (
				F2B5D108253BE74B00A46DFD /* Preview Assets.xcassets */,
			);
			path = "Preview Content";
			sourceTree = "<group>";
		};
/* End PBXGroup section */

/* Begin PBXNativeTarget section */
		F2B5D0FD253BE74800A46DFD /* lazyVGrid_tutorial */ = {
			isa = PBXNativeTarget;
			buildConfigurationList = F2B5D10D253BE74B00A46DFD /* Build configuration list for PBXNativeTarget "lazyVGrid_tutorial" */;
			buildPhases = (
				F2B5D0FA253BE74800A46DFD /* Sources */,
				F2B5D0FB253BE74800A46DFD /* Frameworks */,
				F2B5D0FC253BE74800A46DFD /* Resources */,
			);
			buildRules = (
			);
			dependencies = (
			);
			name = lazyVGrid_tutorial;
			productName = lazyVGrid_tutorial;
			productReference = F2B5D0FE253BE74800A46DFD /* lazyVGrid_tutorial.app */;
			productType = "com.apple.product-type.application";
		};
/* End PBXNativeTarget section */

/* Begin PBXProject section */
		F2B5D0F6253BE74800A46DFD /* Project object */ = {
			isa = PBXProject;
			attributes = {
				LastSwiftUpdateCheck = 1200;
				LastUpgradeCheck = 1200;
				TargetAttributes = {
					F2B5D0FD253BE74800A46DFD = {
						CreatedOnToolsVersion = 12.0.1;
					};
				};
			};
			buildConfigurationList = F2B5D0F9253BE74800A46DFD /* Build configuration list for PBXProject "lazyVGrid_tutorial" */;
			compatibilityVersion = "Xcode 9.3";
			developmentRegion = en;
			hasScannedForEncodings = 0;
			knownRegions = (
				en,
				Base,
			);
			mainGroup = F2B5D0F5253BE74800A46DFD;
			productRefGroup = F2B5D0FF253BE74800A46DFD /* Products */;
			projectDirPath = "";
			projectRoot = "";
			targets = (
				F2B5D0FD253BE74800A46DFD /* lazyVGrid_tutorial */,
			);
		};
/* End PBXProject section */

/* Begin PBXResourcesBuildPhase section */
		F2B5D0FC253BE74800A46DFD /* Resources */ = {
			isa = PBXResourcesBuildPhase;
			buildActionMask = 2147483647;
			files = (
				F2B5D109253BE74B00A46DFD /* Preview Assets.xcassets in Resources */,
				F2B5D106253BE74B00A46DFD /* Assets.xcassets in Resources */,
			);
			runOnlyForDeploymentPostprocessing = 0;
		};
/* End PBXResourcesBuildPhase section */

/* Begin PBXSourcesBuildPhase section */
		F2B5D0FA253BE74800A46DFD /* Sources */ = {
			isa = PBXSourcesBuildPhase;
			buildActionMask = 2147483647;
			files = (
				F2B5D112253BECEC00A46DFD /* SegmentLayoutView.swift in Sources */,
				F2B5D104253BE74800A46DFD /* ContentView.swift in Sources */,
				F2B5D102253BE74800A46DFD /* lazyVGrid_tutorialApp.swift in Sources */,
				F2B5D116253BF21C00A46DFD /* Card.swift in Sources */,
			);
			runOnlyForDeploymentPostprocessing = 0;
		};
/* End PBXSourcesBuildPhase section */

/* Begin XCBuildConfiguration section */
		F2B5D10B253BE74B00A46DFD /* Debug */ = {
			isa = XCBuildConfiguration;
			buildSettings = {
				ALWAYS_SEARCH_USER_PATHS = NO;
				CLANG_ANALYZER_NONNULL = YES;
				CLANG_ANALYZER_NUMBER_OBJECT_CONVERSION = YES_AGGRESSIVE;
				CLANG_CXX_LANGUAGE_STANDARD = "gnu++14";
				CLANG_CXX_LIBRARY = "libc++";
				CLANG_ENABLE_MODULES = YES;
				CLANG_ENABLE_OBJC_ARC = YES;
				CLANG_ENABLE_OBJC_WEAK = YES;
				CLANG_WARN_BLOCK_CAPTURE_AUTORELEASING = YES;
				CLANG_WARN_BOOL_CONVERSION = YES;
				CLANG_WARN_COMMA = YES;
				CLANG_WARN_CONSTANT_CONVERSION = YES;
				CLANG_WARN_DEPRECATED_OBJC_IMPLEMENTATIONS = YES;
				CLANG_WARN_DIRECT_OBJC_ISA_USAGE = YES_ERROR;
				CLANG_WARN_DOCUMENTATION_COMMENTS = YES;
				CLANG_WARN_EMPTY_BODY = YES;
				CLANG_WARN_ENUM_CONVERSION = YES;
				CLANG_WARN_INFINITE_RECURSION = YES;
				CLANG_WARN_INT_CONVERSION = YES;
				CLANG_WARN_NON_LITERAL_NULL_CONVERSION = YES;
				CLANG_WARN_OBJC_IMPLICIT_RETAIN_SELF = YES;
				CLANG_WARN_OBJC_LITERAL_CONVERSION = YES;
				CLANG_WARN_OBJC_ROOT_CLASS = YES_ERROR;
				CLANG_WARN_QUOTED_INCLUDE_IN_FRAMEWORK_HEADER = YES;
				CLANG_WARN_RANGE_LOOP_ANALYSIS = YES;
				CLANG_WARN_STRICT_PROTOTYPES = YES;
				CLANG_WARN_SUSPICIOUS_MOVE = YES;
				CLANG_WARN_UNGUARDED_AVAILABILITY = YES_AGGRESSIVE;
				CLANG_WARN_UNREACHABLE_CODE = YES;
				CLANG_WARN__DUPLICATE_METHOD_MATCH = YES;
				COPY_PHASE_STRIP = NO;
				DEBUG_INFORMATION_FORMAT = dwarf;
				ENABLE_STRICT_OBJC_MSGSEND = YES;
				ENABLE_TESTABILITY = YES;
				GCC_C_LANGUAGE_STANDARD = gnu11;
				GCC_DYNAMIC_NO_PIC = NO;
				GCC_NO_COMMON_BLOCKS = YES;
				GCC_OPTIMIZATION_LEVEL = 0;
				GCC_PREPROCESSOR_DEFINITIONS = (
					"DEBUG=1",
					"$(inherited)",
				);
				GCC_WARN_64_TO_32_BIT_CONVERSION = YES;
				GCC_WARN_ABOUT_RETURN_TYPE = YES_ERROR;
				GCC_WARN_UNDECLARED_SELECTOR = YES;
				GCC_WARN_UNINITIALIZED_AUTOS = YES_AGGRESSIVE;
				GCC_WARN_UNUSED_FUNCTION = YES;
				GCC_WARN_UNUSED_VARIABLE = YES;
				IPHONEOS_DEPLOYMENT_TARGET = 14.0;
				MTL_ENABLE_DEBUG_INFO = INCLUDE_SOURCE;
				MTL_FAST_MATH = YES;
				ONLY_ACTIVE_ARCH = YES;
				SDKROOT = iphoneos;
				SWIFT_ACTIVE_COMPILATION_CONDITIONS = DEBUG;
				SWIFT_OPTIMIZATION_LEVEL = "-Onone";
			};
			name = Debug;
		};
		F2B5D10C253BE74B00A46DFD /* Release */ = {
			isa = XCBuildConfiguration;
			buildSettings = {
				ALWAYS_SEARCH_USER_PATHS = NO;
				CLANG_ANALYZER_NONNULL = YES;
				CLANG_ANALYZER_NUMBER_OBJECT_CONVERSION = YES_AGGRESSIVE;
				CLANG_CXX_LANGUAGE_STANDARD = "gnu++14";
				CLANG_CXX_LIBRARY = "libc++";
				CLANG_ENABLE_MODULES = YES;
				CLANG_ENABLE_OBJC_ARC = YES;
				CLANG_ENABLE_OBJC_WEAK = YES;
				CLANG_WARN_BLOCK_CAPTURE_AUTORELEASING = YES;
				CLANG_WARN_BOOL_CONVERSION = YES;
				CLANG_WARN_COMMA = YES;
				CLANG_WARN_CONSTANT_CONVERSION = YES;
				CLANG_WARN_DEPRECATED_OBJC_IMPLEMENTATIONS = YES;
				CLANG_WARN_DIRECT_OBJC_ISA_USAGE = YES_ERROR;
				CLANG_WARN_DOCUMENTATION_COMMENTS = YES;
				CLANG_WARN_EMPTY_BODY = YES;
				CLANG_WARN_ENUM_CONVERSION = YES;
				CLANG_WARN_INFINITE_RECURSION = YES;
				CLANG_WARN_INT_CONVERSION = YES;
				CLANG_WARN_NON_LITERAL_NULL_CONVERSION = YES;
				CLANG_WARN_OBJC_IMPLICIT_RETAIN_SELF = YES;
				CLANG_WARN_OBJC_LITERAL_CONVERSION = YES;
				CLANG_WARN_OBJC_ROOT_CLASS = YES_ERROR;
				CLANG_WARN_QUOTED_INCLUDE_IN_FRAMEWORK_HEADER = YES;
				CLANG_WARN_RANGE_LOOP_ANALYSIS = YES;
				CLANG_WARN_STRICT_PROTOTYPES = YES;
				CLANG_WARN_SUSPICIOUS_MOVE = YES;
				CLANG_WARN_UNGUARDED_AVAILABILITY = YES_AGGRESSIVE;
				CLANG_WARN_UNREACHABLE_CODE = YES;
				CLANG_WARN__DUPLICATE_METHOD_MATCH = YES;
				COPY_PHASE_STRIP = NO;
				DEBUG_INFORMATION_FORMAT = "dwarf-with-dsym";
				ENABLE_NS_ASSERTIONS = NO;
				ENABLE_STRICT_OBJC_MSGSEND = YES;
				GCC_C_LANGUAGE_STANDARD = gnu11;
				GCC_NO_COMMON_BLOCKS = YES;
				GCC_WARN_64_TO_32_BIT_CONVERSION = YES;
				GCC_WARN_ABOUT_RETURN_TYPE = YES_ERROR;
				GCC_WARN_UNDECLARED_SELECTOR = YES;
				GCC_WARN_UNINITIALIZED_AUTOS = YES_AGGRESSIVE;
				GCC_WARN_UNUSED_FUNCTION = YES;
				GCC_WARN_UNUSED_VARIABLE = YES;
				IPHONEOS_DEPLOYMENT_TARGET = 14.0;
				MTL_ENABLE_DEBUG_INFO = NO;
				MTL_FAST_MATH = YES;
				SDKROOT = iphoneos;
				SWIFT_COMPILATION_MODE = wholemodule;
				SWIFT_OPTIMIZATION_LEVEL = "-O";
				VALIDATE_PRODUCT = YES;
			};
			name = Release;
		};
		F2B5D10E253BE74B00A46DFD /* Debug */ = {
			isa = XCBuildConfiguration;
			buildSettings = {
				ASSETCATALOG_COMPILER_APPICON_NAME = AppIcon;
				ASSETCATALOG_COMPILER_GLOBAL_ACCENT_COLOR_NAME = AccentColor;
				CODE_SIGN_STYLE = Automatic;
				DEVELOPMENT_ASSET_PATHS = "\"lazyVGrid_tutorial/Preview Content\"";
				DEVELOPMENT_TEAM = 67XDG42679;
				ENABLE_PREVIEWS = YES;
				INFOPLIST_FILE = lazyVGrid_tutorial/Info.plist;
				IPHONEOS_DEPLOYMENT_TARGET = 14.0;
				LD_RUNPATH_SEARCH_PATHS = (
					"$(inherited)",
					"@executable_path/Frameworks",
				);
				PRODUCT_BUNDLE_IDENTIFIER = "com.tuentuenna.lazyVGrid-tutorial";
				PRODUCT_NAME = "$(TARGET_NAME)";
				SWIFT_VERSION = 5.0;
				TARGETED_DEVICE_FAMILY = "1,2";
			};
			name = Debug;
		};
		F2B5D10F253BE74B00A46DFD /* Release */ = {
			isa = XCBuildConfiguration;
			buildSettings = {
				ASSETCATALOG_COMPILER_APPICON_NAME = AppIcon;
				ASSETCATALOG_COMPILER_GLOBAL_ACCENT_COLOR_NAME = AccentColor;
				CODE_SIGN_STYLE = Automatic;
				DEVELOPMENT_ASSET_PATHS = "\"lazyVGrid_tutorial/Preview Content\"";
				DEVELOPMENT_TEAM = 67XDG42679;
				ENABLE_PREVIEWS = YES;
				INFOPLIST_FILE = lazyVGrid_tutorial/Info.plist;
				IPHONEOS_DEPLOYMENT_TARGET = 14.0;
				LD_RUNPATH_SEARCH_PATHS = (
					"$(inherited)",
					"@executable_path/Frameworks",
				);
				PRODUCT_BUNDLE_IDENTIFIER = "com.tuentuenna.lazyVGrid-tutorial";
				PRODUCT_NAME = "$(TARGET_NAME)";
				SWIFT_VERSION = 5.0;
				TARGETED_DEVICE_FAMILY = "1,2";
			};
			name = Release;
		};
/* End XCBuildConfiguration section */

/* Begin XCConfigurationList section */
		F2B5D0F9253BE74800A46DFD /* Build configuration list for PBXProject "lazyVGrid_tutorial" */ = {
			isa = XCConfigurationList;
			buildConfigurations = (
				F2B5D10B253BE74B00A46DFD /* Debug */,
				F2B5D10C253BE74B00A46DFD /* Release */,
			);
			defaultConfigurationIsVisible = 0;
			defaultConfigurationName = Release;
		};
		F2B5D10D253BE74B00A46DFD /* Build configuration list for PBXNativeTarget "lazyVGrid_tutorial" */ = {
			isa = XCConfigurationList;
			buildConfigurations = (
				F2B5D10E253BE74B00A46DFD /* Debug */,
				F2B5D10F253BE74B00A46DFD /* Release */,
			);
			defaultConfigurationIsVisible = 0;
			defaultConfigurationName = Release;
		};
/* End XCConfigurationList section */
	};
	rootObject = F2B5D0F6253BE74800A46DFD /* Project object */;
}
